
Microsoft Visual Studio Solution File, Format Version 12.00
# Visual Studio 15
VisualStudioVersion = 15.0.27428.2037
MinimumVisualStudioVersion = 10.0.40219.1
Project("{FAE04EC0-301F-11D3-BF4B-00C04F79EFBC}") = "BWS-G01.WebApi.Net", "BWS-G01.WebApi.Net\BWS-G01.WebApi.Net.csproj", "{CBBED4B5-FB83-4DD7-8AF3-847957944C2C}"
EndProject
Global
	GlobalSection(SolutionConfigurationPlatforms) = preSolution
		Debug|Any CPU = Debug|Any CPU
		Release|Any CPU = Release|Any CPU
	EndGlobalSection
	GlobalSection(ProjectConfigurationPlatforms) = postSolution
		{CBBED4B5-FB83-4DD7-8AF3-847957944C2C}.Debug|Any CPU.ActiveCfg = Debug|Any CPU
		{CBBED4B5-FB83-4DD7-8AF3-847957944C2C}.Debug|Any CPU.Build.0 = Debug|Any CPU
		{CBBED4B5-FB83-4DD7-8AF3-847957944C2C}.Release|Any CPU.ActiveCfg = Release|Any CPU
		{CBBED4B5-FB83-4DD7-8AF3-847957944C2C}.Release|Any CPU.Build.0 = Release|Any CPU
	EndGlobalSection
	GlobalSection(SolutionProperties) = preSolution
		HideSolutionNode = FALSE
	EndGlobalSection
	GlobalSection(ExtensibilityGlobals) = postSolution
		SolutionGuid = {F59CCD30-B06E-4AA1-AF6A-268B234465F4}
	EndGlobalSection
EndGlobal
